// !$*UTF8*$!
{
	archiveVersion = 1;
	classes = {
	};
	objectVersion = 46;
	objects = {

/* Begin PBXBuildFile section */
		7743A0C67B414DE5B32D561C /* libPods.a in Frameworks */ = {isa = PBXBuildFile; fileRef = DBB89D9CC23F44869319EFBC /* libPods.a */; };
		87E1271B19572A9F00A14D5F /* Foundation.framework in Frameworks */ = {isa = PBXBuildFile; fileRef = 87E1271A19572A9F00A14D5F /* Foundation.framework */; };
		87E1271D19572A9F00A14D5F /* CoreGraphics.framework in Frameworks */ = {isa = PBXBuildFile; fileRef = 87E1271C19572A9F00A14D5F /* CoreGraphics.framework */; };
		87E1271F19572A9F00A14D5F /* UIKit.framework in Frameworks */ = {isa = PBXBuildFile; fileRef = 87E1271E19572A9F00A14D5F /* UIKit.framework */; };
		87E1272519572A9F00A14D5F /* InfoPlist.strings in Resources */ = {isa = PBXBuildFile; fileRef = 87E1272319572A9F00A14D5F /* InfoPlist.strings */; };
		87E1272719572A9F00A14D5F /* main.m in Sources */ = {isa = PBXBuildFile; fileRef = 87E1272619572A9F00A14D5F /* main.m */; };
		87E1272B19572A9F00A14D5F /* AppDelegate.m in Sources */ = {isa = PBXBuildFile; fileRef = 87E1272A19572A9F00A14D5F /* AppDelegate.m */; };
		87E1272D19572A9F00A14D5F /* Images.xcassets in Resources */ = {isa = PBXBuildFile; fileRef = 87E1272C19572A9F00A14D5F /* Images.xcassets */; };
		87E1273419572A9F00A14D5F /* XCTest.framework in Frameworks */ = {isa = PBXBuildFile; fileRef = 87E1273319572A9F00A14D5F /* XCTest.framework */; };
		87E1273519572A9F00A14D5F /* Foundation.framework in Frameworks */ = {isa = PBXBuildFile; fileRef = 87E1271A19572A9F00A14D5F /* Foundation.framework */; };
		87E1273619572A9F00A14D5F /* UIKit.framework in Frameworks */ = {isa = PBXBuildFile; fileRef = 87E1271E19572A9F00A14D5F /* UIKit.framework */; };
		87E1273E19572A9F00A14D5F /* InfoPlist.strings in Resources */ = {isa = PBXBuildFile; fileRef = 87E1273C19572A9F00A14D5F /* InfoPlist.strings */; };
		87E1274019572A9F00A14D5F /* facebookDemoTests.m in Sources */ = {isa = PBXBuildFile; fileRef = 87E1273F19572A9F00A14D5F /* facebookDemoTests.m */; };
		87E1274C19572B4900A14D5F /* TimelineViewController.m in Sources */ = {isa = PBXBuildFile; fileRef = 87E1274A19572B4900A14D5F /* TimelineViewController.m */; };
		87E1274D19572B4900A14D5F /* TimelineViewController.xib in Resources */ = {isa = PBXBuildFile; fileRef = 87E1274B19572B4900A14D5F /* TimelineViewController.xib */; };
/* End PBXBuildFile section */

/* Begin PBXContainerItemProxy section */
		87E1273719572A9F00A14D5F /* PBXContainerItemProxy */ = {
			isa = PBXContainerItemProxy;
			containerPortal = 87E1270F19572A9F00A14D5F /* Project object */;
			proxyType = 1;
			remoteGlobalIDString = 87E1271619572A9F00A14D5F;
			remoteInfo = facebookDemo;
		};
/* End PBXContainerItemProxy section */

/* Begin PBXFileReference section */
		4F15449EFF2C424E83E8C8B4 /* Pods.xcconfig */ = {isa = PBXFileReference; includeInIndex = 1; lastKnownFileType = text.xcconfig; name = Pods.xcconfig; path = Pods/Pods.xcconfig; sourceTree = "<group>"; };
		87E1271719572A9F00A14D5F /* facebookDemo.app */ = {isa = PBXFileReference; explicitFileType = wrapper.application; includeInIndex = 0; path = facebookDemo.app; sourceTree = BUILT_PRODUCTS_DIR; };
		87E1271A19572A9F00A14D5F /* Foundation.framework */ = {isa = PBXFileReference; lastKnownFileType = wrapper.framework; name = Foundation.framework; path = System/Library/Frameworks/Foundation.framework; sourceTree = SDKROOT; };
		87E1271C19572A9F00A14D5F /* CoreGraphics.framework */ = {isa = PBXFileReference; lastKnownFileType = wrapper.framework; name = CoreGraphics.framework; path = System/Library/Frameworks/CoreGraphics.framework; sourceTree = SDKROOT; };
		87E1271E19572A9F00A14D5F /* UIKit.framework */ = {isa = PBXFileReference; lastKnownFileType = wrapper.framework; name = UIKit.framework; path = System/Library/Frameworks/UIKit.framework; sourceTree = SDKROOT; };
		87E1272219572A9F00A14D5F /* facebookDemo-Info.plist */ = {isa = PBXFileReference; lastKnownFileType = text.plist.xml; path = "facebookDemo-Info.plist"; sourceTree = "<group>"; };
		87E1272419572A9F00A14D5F /* en */ = {isa = PBXFileReference; lastKnownFileType = text.plist.strings; name = en; path = en.lproj/InfoPlist.strings; sourceTree = "<group>"; };
		87E1272619572A9F00A14D5F /* main.m */ = {isa = PBXFileReference; lastKnownFileType = sourcecode.c.objc; path = main.m; sourceTree = "<group>"; };
		87E1272819572A9F00A14D5F /* facebookDemo-Prefix.pch */ = {isa = PBXFileReference; lastKnownFileType = sourcecode.c.h; path = "facebookDemo-Prefix.pch"; sourceTree = "<group>"; };
		87E1272919572A9F00A14D5F /* AppDelegate.h */ = {isa = PBXFileReference; lastKnownFileType = sourcecode.c.h; path = AppDelegate.h; sourceTree = "<group>"; };
		87E1272A19572A9F00A14D5F /* AppDelegate.m */ = {isa = PBXFileReference; lastKnownFileType = sourcecode.c.objc; path = AppDelegate.m; sourceTree = "<group>"; };
		87E1272C19572A9F00A14D5F /* Images.xcassets */ = {isa = PBXFileReference; lastKnownFileType = folder.assetcatalog; path = Images.xcassets; sourceTree = "<group>"; };
		87E1273219572A9F00A14D5F /* facebookDemoTests.xctest */ = {isa = PBXFileReference; explicitFileType = wrapper.cfbundle; includeInIndex = 0; path = facebookDemoTests.xctest; sourceTree = BUILT_PRODUCTS_DIR; };
		87E1273319572A9F00A14D5F /* XCTest.framework */ = {isa = PBXFileReference; lastKnownFileType = wrapper.framework; name = XCTest.framework; path = Library/Frameworks/XCTest.framework; sourceTree = DEVELOPER_DIR; };
		87E1273B19572A9F00A14D5F /* facebookDemoTests-Info.plist */ = {isa = PBXFileReference; lastKnownFileType = text.plist.xml; path = "facebookDemoTests-Info.plist"; sourceTree = "<group>"; };
		87E1273D19572A9F00A14D5F /* en */ = {isa = PBXFileReference; lastKnownFileType = text.plist.strings; name = en; path = en.lproj/InfoPlist.strings; sourceTree = "<group>"; };
		87E1273F19572A9F00A14D5F /* facebookDemoTests.m */ = {isa = PBXFileReference; lastKnownFileType = sourcecode.c.objc; path = facebookDemoTests.m; sourceTree = "<group>"; };
		87E1274919572B4900A14D5F /* TimelineViewController.h */ = {isa = PBXFileReference; fileEncoding = 4; lastKnownFileType = sourcecode.c.h; path = TimelineViewController.h; sourceTree = "<group>"; };
		87E1274A19572B4900A14D5F /* TimelineViewController.m */ = {isa = PBXFileReference; fileEncoding = 4; lastKnownFileType = sourcecode.c.objc; path = TimelineViewController.m; sourceTree = "<group>"; };
		87E1274B19572B4900A14D5F /* TimelineViewController.xib */ = {isa = PBXFileReference; fileEncoding = 4; lastKnownFileType = file.xib; path = TimelineViewController.xib; sourceTree = "<group>"; };
		DBB89D9CC23F44869319EFBC /* libPods.a */ = {isa = PBXFileReference; explicitFileType = archive.ar; includeInIndex = 0; path = libPods.a; sourceTree = BUILT_PRODUCTS_DIR; };
/* End PBXFileReference section */

/* Begin PBXFrameworksBuildPhase section */
		87E1271419572A9F00A14D5F /* Frameworks */ = {
			isa = PBXFrameworksBuildPhase;
			buildActionMask = 2147483647;
			files = (
				87E1271D19572A9F00A14D5F /* CoreGraphics.framework in Frameworks */,
				87E1271F19572A9F00A14D5F /* UIKit.framework in Frameworks */,
				87E1271B19572A9F00A14D5F /* Foundation.framework in Frameworks */,
				7743A0C67B414DE5B32D561C /* libPods.a in Frameworks */,
			);
			runOnlyForDeploymentPostprocessing = 0;
		};
		87E1272F19572A9F00A14D5F /* Frameworks */ = {
			isa = PBXFrameworksBuildPhase;
			buildActionMask = 2147483647;
			files = (
				87E1273419572A9F00A14D5F /* XCTest.framework in Frameworks */,
				87E1273619572A9F00A14D5F /* UIKit.framework in Frameworks */,
				87E1273519572A9F00A14D5F /* Foundation.framework in Frameworks */,
			);
			runOnlyForDeploymentPostprocessing = 0;
		};
/* End PBXFrameworksBuildPhase section */

/* Begin PBXGroup section */
		87E1270E19572A9F00A14D5F = {
			isa = PBXGroup;
			children = (
				87E1274919572B4900A14D5F /* TimelineViewController.h */,
				87E1274A19572B4900A14D5F /* TimelineViewController.m */,
				87E1274B19572B4900A14D5F /* TimelineViewController.xib */,
				87E1272019572A9F00A14D5F /* facebookDemo */,
				87E1273919572A9F00A14D5F /* facebookDemoTests */,
				87E1271919572A9F00A14D5F /* Frameworks */,
				87E1271819572A9F00A14D5F /* Products */,
				4F15449EFF2C424E83E8C8B4 /* Pods.xcconfig */,
			);
			sourceTree = "<group>";
		};
		87E1271819572A9F00A14D5F /* Products */ = {
			isa = PBXGroup;
			children = (
				87E1271719572A9F00A14D5F /* facebookDemo.app */,
				87E1273219572A9F00A14D5F /* facebookDemoTests.xctest */,
			);
			name = Products;
			sourceTree = "<group>";
		};
		87E1271919572A9F00A14D5F /* Frameworks */ = {
			isa = PBXGroup;
			children = (
				87E1271A19572A9F00A14D5F /* Foundation.framework */,
				87E1271C19572A9F00A14D5F /* CoreGraphics.framework */,
				87E1271E19572A9F00A14D5F /* UIKit.framework */,
				87E1273319572A9F00A14D5F /* XCTest.framework */,
				DBB89D9CC23F44869319EFBC /* libPods.a */,
			);
			name = Frameworks;
			sourceTree = "<group>";
		};
		87E1272019572A9F00A14D5F /* facebookDemo */ = {
			isa = PBXGroup;
			children = (
				87E1272919572A9F00A14D5F /* AppDelegate.h */,
				87E1272A19572A9F00A14D5F /* AppDelegate.m */,
				87E1272C19572A9F00A14D5F /* Images.xcassets */,
				87E1272119572A9F00A14D5F /* Supporting Files */,
			);
			path = facebookDemo;
			sourceTree = "<group>";
		};
		87E1272119572A9F00A14D5F /* Supporting Files */ = {
			isa = PBXGroup;
			children = (
				87E1272219572A9F00A14D5F /* facebookDemo-Info.plist */,
				87E1272319572A9F00A14D5F /* InfoPlist.strings */,
				87E1272619572A9F00A14D5F /* main.m */,
				87E1272819572A9F00A14D5F /* facebookDemo-Prefix.pch */,
			);
			name = "Supporting Files";
			sourceTree = "<group>";
		};
		87E1273919572A9F00A14D5F /* facebookDemoTests */ = {
			isa = PBXGroup;
			children = (
				87E1273F19572A9F00A14D5F /* facebookDemoTests.m */,
				87E1273A19572A9F00A14D5F /* Supporting Files */,
			);
			path = facebookDemoTests;
			sourceTree = "<group>";
		};
		87E1273A19572A9F00A14D5F /* Supporting Files */ = {
			isa = PBXGroup;
			children = (
				87E1273B19572A9F00A14D5F /* facebookDemoTests-Info.plist */,
				87E1273C19572A9F00A14D5F /* InfoPlist.strings */,
			);
			name = "Supporting Files";
			sourceTree = "<group>";
		};
/* End PBXGroup section */

/* Begin PBXNativeTarget section */
		87E1271619572A9F00A14D5F /* facebookDemo */ = {
			isa = PBXNativeTarget;
			buildConfigurationList = 87E1274319572A9F00A14D5F /* Build configuration list for PBXNativeTarget "facebookDemo" */;
			buildPhases = (
				E9965F42069144ADAE1A5A0C /* Check Pods Manifest.lock */,
				87E1271319572A9F00A14D5F /* Sources */,
				87E1271419572A9F00A14D5F /* Frameworks */,
				87E1271519572A9F00A14D5F /* Resources */,
				9D4EAFA9BFB84CE0811F282D /* Copy Pods Resources */,
			);
			buildRules = (
			);
			dependencies = (
			);
			name = facebookDemo;
			productName = facebookDemo;
			productReference = 87E1271719572A9F00A14D5F /* facebookDemo.app */;
			productType = "com.apple.product-type.application";
		};
		87E1273119572A9F00A14D5F /* facebookDemoTests */ = {
			isa = PBXNativeTarget;
			buildConfigurationList = 87E1274619572A9F00A14D5F /* Build configuration list for PBXNativeTarget "facebookDemoTests" */;
			buildPhases = (
				87E1272E19572A9F00A14D5F /* Sources */,
				87E1272F19572A9F00A14D5F /* Frameworks */,
				87E1273019572A9F00A14D5F /* Resources */,
			);
			buildRules = (
			);
			dependencies = (
				87E1273819572A9F00A14D5F /* PBXTargetDependency */,
			);
			name = facebookDemoTests;
			productName = facebookDemoTests;
			productReference = 87E1273219572A9F00A14D5F /* facebookDemoTests.xctest */;
			productType = "com.apple.product-type.bundle.unit-test";
		};
/* End PBXNativeTarget section */

/* Begin PBXProject section */
		87E1270F19572A9F00A14D5F /* Project object */ = {
			isa = PBXProject;
			attributes = {
				LastUpgradeCheck = 0510;
				ORGANIZATIONNAME = Google;
				TargetAttributes = {
					87E1273119572A9F00A14D5F = {
						TestTargetID = 87E1271619572A9F00A14D5F;
					};
				};
			};
			buildConfigurationList = 87E1271219572A9F00A14D5F /* Build configuration list for PBXProject "facebookDemo" */;
			compatibilityVersion = "Xcode 3.2";
			developmentRegion = English;
			hasScannedForEncodings = 0;
			knownRegions = (
				en,
			);
			mainGroup = 87E1270E19572A9F00A14D5F;
			productRefGroup = 87E1271819572A9F00A14D5F /* Products */;
			projectDirPath = "";
			projectRoot = "";
			targets = (
				87E1271619572A9F00A14D5F /* facebookDemo */,
				87E1273119572A9F00A14D5F /* facebookDemoTests */,
			);
		};
/* End PBXProject section */

/* Begin PBXResourcesBuildPhase section */
		87E1271519572A9F00A14D5F /* Resources */ = {
			isa = PBXResourcesBuildPhase;
			buildActionMask = 2147483647;
			files = (
				87E1274D19572B4900A14D5F /* TimelineViewController.xib in Resources */,
				87E1272519572A9F00A14D5F /* InfoPlist.strings in Resources */,
				87E1272D19572A9F00A14D5F /* Images.xcassets in Resources */,
			);
			runOnlyForDeploymentPostprocessing = 0;
		};
		87E1273019572A9F00A14D5F /* Resources */ = {
			isa = PBXResourcesBuildPhase;
			buildActionMask = 2147483647;
			files = (
				87E1273E19572A9F00A14D5F /* InfoPlist.strings in Resources */,
			);
			runOnlyForDeploymentPostprocessing = 0;
		};
/* End PBXResourcesBuildPhase section */

/* Begin PBXShellScriptBuildPhase section */
		9D4EAFA9BFB84CE0811F282D /* Copy Pods Resources */ = {
			isa = PBXShellScriptBuildPhase;
			buildActionMask = 2147483647;
			files = (
			);
			inputPaths = (
			);
			name = "Copy Pods Resources";
			outputPaths = (
			);
			runOnlyForDeploymentPostprocessing = 0;
			shellPath = /bin/sh;
			shellScript = "\"${SRCROOT}/Pods/Pods-resources.sh\"\n";
			showEnvVarsInLog = 0;
		};
		E9965F42069144ADAE1A5A0C /* Check Pods Manifest.lock */ = {
			isa = PBXShellScriptBuildPhase;
			buildActionMask = 2147483647;
			files = (
			);
			inputPaths = (
			);
			name = "Check Pods Manifest.lock";
			outputPaths = (
			);
			runOnlyForDeploymentPostprocessing = 0;
			shellPath = /bin/sh;
			shellScript = "diff \"${PODS_ROOT}/../Podfile.lock\" \"${PODS_ROOT}/Manifest.lock\" > /dev/null\nif [[ $? != 0 ]] ; then\n    cat << EOM\nerror: The sandbox is not in sync with the Podfile.lock. Run 'pod install' or update your CocoaPods installation.\nEOM\n    exit 1\nfi\n";
			showEnvVarsInLog = 0;
		};
/* End PBXShellScriptBuildPhase section */

/* Begin PBXSourcesBuildPhase section */
		87E1271319572A9F00A14D5F /* Sources */ = {
			isa = PBXSourcesBuildPhase;
			buildActionMask = 2147483647;
			files = (
				87E1272B19572A9F00A14D5F /* AppDelegate.m in Sources */,
				87E1272719572A9F00A14D5F /* main.m in Sources */,
				87E1274C19572B4900A14D5F /* TimelineViewController.m in Sources */,
			);
			runOnlyForDeploymentPostprocessing = 0;
		};
		87E1272E19572A9F00A14D5F /* Sources */ = {
			isa = PBXSourcesBuildPhase;
			buildActionMask = 2147483647;
			files = (
				87E1274019572A9F00A14D5F /* facebookDemoTests.m in Sources */,
			);
			runOnlyForDeploymentPostprocessing = 0;
		};
/* End PBXSourcesBuildPhase section */

/* Begin PBXTargetDependency section */
		87E1273819572A9F00A14D5F /* PBXTargetDependency */ = {
			isa = PBXTargetDependency;
			target = 87E1271619572A9F00A14D5F /* facebookDemo */;
			targetProxy = 87E1273719572A9F00A14D5F /* PBXContainerItemProxy */;
		};
/* End PBXTargetDependency section */

/* Begin PBXVariantGroup section */
		87E1272319572A9F00A14D5F /* InfoPlist.strings */ = {
			isa = PBXVariantGroup;
			children = (
				87E1272419572A9F00A14D5F /* en */,
			);
			name = InfoPlist.strings;
			sourceTree = "<group>";
		};
		87E1273C19572A9F00A14D5F /* InfoPlist.strings */ = {
			isa = PBXVariantGroup;
			children = (
				87E1273D19572A9F00A14D5F /* en */,
			);
			name = InfoPlist.strings;
			sourceTree = "<group>";
		};
/* End PBXVariantGroup section */

/* Begin XCBuildConfiguration section */
		87E1274119572A9F00A14D5F /* Debug */ = {
			isa = XCBuildConfiguration;
			buildSettings = {
				ALWAYS_SEARCH_USER_PATHS = NO;
				CLANG_CXX_LANGUAGE_STANDARD = "gnu++0x";
				CLANG_CXX_LIBRARY = "libc++";
				CLANG_ENABLE_MODULES = YES;
				CLANG_ENABLE_OBJC_ARC = YES;
				CLANG_WARN_BOOL_CONVERSION = YES;
				CLANG_WARN_CONSTANT_CONVERSION = YES;
				CLANG_WARN_DIRECT_OBJC_ISA_USAGE = YES_ERROR;
				CLANG_WARN_EMPTY_BODY = YES;
				CLANG_WARN_ENUM_CONVERSION = YES;
				CLANG_WARN_INT_CONVERSION = YES;
				CLANG_WARN_OBJC_ROOT_CLASS = YES_ERROR;
				CLANG_WARN__DUPLICATE_METHOD_MATCH = YES;
				"CODE_SIGN_IDENTITY[sdk=iphoneos*]" = "iPhone Developer";
				COPY_PHASE_STRIP = NO;
				GCC_C_LANGUAGE_STANDARD = gnu99;
				GCC_DYNAMIC_NO_PIC = NO;
				GCC_OPTIMIZATION_LEVEL = 0;
				GCC_PREPROCESSOR_DEFINITIONS = (
					"DEBUG=1",
					"$(inherited)",
				);
				GCC_SYMBOLS_PRIVATE_EXTERN = NO;
				GCC_WARN_64_TO_32_BIT_CONVERSION = YES;
				GCC_WARN_ABOUT_RETURN_TYPE = YES_ERROR;
				GCC_WARN_UNDECLARED_SELECTOR = YES;
				GCC_WARN_UNINITIALIZED_AUTOS = YES_AGGRESSIVE;
				GCC_WARN_UNUSED_FUNCTION = YES;
				GCC_WARN_UNUSED_VARIABLE = YES;
				IPHONEOS_DEPLOYMENT_TARGET = 7.1;
				ONLY_ACTIVE_ARCH = YES;
				SDKROOT = iphoneos;
			};
			name = Debug;
		};
		87E1274219572A9F00A14D5F /* Release */ = {
			isa = XCBuildConfiguration;
			buildSettings = {
				ALWAYS_SEARCH_USER_PATHS = NO;
				CLANG_CXX_LANGUAGE_STANDARD = "gnu++0x";
				CLANG_CXX_LIBRARY = "libc++";
				CLANG_ENABLE_MODULES = YES;
				CLANG_ENABLE_OBJC_ARC = YES;
				CLANG_WARN_BOOL_CONVERSION = YES;
				CLANG_WARN_CONSTANT_CONVERSION = YES;
				CLANG_WARN_DIRECT_OBJC_ISA_USAGE = YES_ERROR;
				CLANG_WARN_EMPTY_BODY = YES;
				CLANG_WARN_ENUM_CONVERSION = YES;
				CLANG_WARN_INT_CONVERSION = YES;
				CLANG_WARN_OBJC_ROOT_CLASS = YES_ERROR;
				CLANG_WARN__DUPLICATE_METHOD_MATCH = YES;
				"CODE_SIGN_IDENTITY[sdk=iphoneos*]" = "iPhone Developer";
				COPY_PHASE_STRIP = YES;
				ENABLE_NS_ASSERTIONS = NO;
				GCC_C_LANGUAGE_STANDARD = gnu99;
				GCC_WARN_64_TO_32_BIT_CONVERSION = YES;
				GCC_WARN_ABOUT_RETURN_TYPE = YES_ERROR;
				GCC_WARN_UNDECLARED_SELECTOR = YES;
				GCC_WARN_UNINITIALIZED_AUTOS = YES_AGGRESSIVE;
				GCC_WARN_UNUSED_FUNCTION = YES;
				GCC_WARN_UNUSED_VARIABLE = YES;
				IPHONEOS_DEPLOYMENT_TARGET = 7.1;
				SDKROOT = iphoneos;
				VALIDATE_PRODUCT = YES;
			};
			name = Release;
		};
		87E1274419572A9F00A14D5F /* Debug */ = {
			isa = XCBuildConfiguration;
			baseConfigurationReference = 4F15449EFF2C424E83E8C8B4 /* Pods.xcconfig */;
			buildSettings = {
				ASSETCATALOG_COMPILER_APPICON_NAME = AppIcon;
				ASSETCATALOG_COMPILER_LAUNCHIMAGE_NAME = LaunchImage;
				GCC_PRECOMPILE_PREFIX_HEADER = YES;
				GCC_PREFIX_HEADER = "facebookDemo/facebookDemo-Prefix.pch";
				INFOPLIST_FILE = "facebookDemo/facebookDemo-Info.plist";
				PRODUCT_NAME = "$(TARGET_NAME)";
				WRAPPER_EXTENSION = app;
			};
			name = Debug;
		};
		87E1274519572A9F00A14D5F /* Release */ = {
			isa = XCBuildConfiguration;
			baseConfigurationReference = 4F15449EFF2C424E83E8C8B4 /* Pods.xcconfig */;
			buildSettings = {
				ASSETCATALOG_COMPILER_APPICON_NAME = AppIcon;
				ASSETCATALOG_COMPILER_LAUNCHIMAGE_NAME = LaunchImage;
				GCC_PRECOMPILE_PREFIX_HEADER = YES;
				GCC_PREFIX_HEADER = "facebookDemo/facebookDemo-Prefix.pch";
				INFOPLIST_FILE = "facebookDemo/facebookDemo-Info.plist";
				PRODUCT_NAME = "$(TARGET_NAME)";
				WRAPPER_EXTENSION = app;
			};
			name = Release;
		};
		87E1274719572A9F00A14D5F /* Debug */ = {
			isa = XCBuildConfiguration;
			buildSettings = {
				BUNDLE_LOADER = "$(BUILT_PRODUCTS_DIR)/facebookDemo.app/facebookDemo";
				FRAMEWORK_SEARCH_PATHS = (
					"$(SDKROOT)/Developer/Library/Frameworks",
					"$(inherited)",
					"$(DEVELOPER_FRAMEWORKS_DIR)",
				);
				GCC_PRECOMPILE_PREFIX_HEADER = YES;
				GCC_PREFIX_HEADER = "facebookDemo/facebookDemo-Prefix.pch";
				GCC_PREPROCESSOR_DEFINITIONS = (
					"DEBUG=1",
					"$(inherited)",
				);
				INFOPLIST_FILE = "facebookDemoTests/facebookDemoTests-Info.plist";
				PRODUCT_NAME = "$(TARGET_NAME)";
				TEST_HOST = "$(BUNDLE_LOADER)";
				WRAPPER_EXTENSION = xctest;
			};
			name = Debug;
		};
		87E1274819572A9F00A14D5F /* Release */ = {
			isa = XCBuildConfiguration;
			buildSettings = {
				BUNDLE_LOADER = "$(BUILT_PRODUCTS_DIR)/facebookDemo.app/facebookDemo";
				FRAMEWORK_SEARCH_PATHS = (
					"$(SDKROOT)/Developer/Library/Frameworks",
					"$(inherited)",
					"$(DEVELOPER_FRAMEWORKS_DIR)",
				);
				GCC_PRECOMPILE_PREFIX_HEADER = YES;
				GCC_PREFIX_HEADER = "facebookDemo/facebookDemo-Prefix.pch";
				INFOPLIST_FILE = "facebookDemoTests/facebookDemoTests-Info.plist";
				PRODUCT_NAME = "$(TARGET_NAME)";
				TEST_HOST = "$(BUNDLE_LOADER)";
				WRAPPER_EXTENSION = xctest;
			};
			name = Release;
		};
/* End XCBuildConfiguration section */

/* Begin XCConfigurationList section */
		87E1271219572A9F00A14D5F /* Build configuration list for PBXProject "facebookDemo" */ = {
			isa = XCConfigurationList;
			buildConfigurations = (
				87E1274119572A9F00A14D5F /* Debug */,
				87E1274219572A9F00A14D5F /* Release */,
			);
			defaultConfigurationIsVisible = 0;
			defaultConfigurationName = Release;
		};
		87E1274319572A9F00A14D5F /* Build configuration list for PBXNativeTarget "facebookDemo" */ = {
			isa = XCConfigurationList;
			buildConfigurations = (
				87E1274419572A9F00A14D5F /* Debug */,
				87E1274519572A9F00A14D5F /* Release */,
			);
			defaultConfigurationIsVisible = 0;
			defaultConfigurationName = Release;
		};
		87E1274619572A9F00A14D5F /* Build configuration list for PBXNativeTarget "facebookDemoTests" */ = {
			isa = XCConfigurationList;
			buildConfigurations = (
				87E1274719572A9F00A14D5F /* Debug */,
				87E1274819572A9F00A14D5F /* Release */,
			);
			defaultConfigurationIsVisible = 0;
			defaultConfigurationName = Release;
		};
/* End XCConfigurationList section */
	};
	rootObject = 87E1270F19572A9F00A14D5F /* Project object */;
}
